
Microsoft Visual Studio Solution File, Format Version 12.00
# Visual Studio Version 17
VisualStudioVersion = 17.6.33829.357
MinimumVisualStudioVersion = 10.0.40219.1
Project("{888888A0-9F3D-457C-B088-3A5042F75D52}") = "CSV_Combiner", "CSV_Combiner.pyproj", "{896127FA-B908-4AEE-9541-6741CF61603E}"
EndProject
Global
	GlobalSection(SolutionConfigurationPlatforms) = preSolution
		Debug|Any CPU = Debug|Any CPU
		Release|Any CPU = Release|Any CPU
	EndGlobalSection
	GlobalSection(ProjectConfigurationPlatforms) = postSolution
		{896127FA-B908-4AEE-9541-6741CF61603E}.Debug|Any CPU.ActiveCfg = Debug|Any CPU
		{896127FA-B908-4AEE-9541-6741CF61603E}.Release|Any CPU.ActiveCfg = Release|Any CPU
	EndGlobalSection
	GlobalSection(SolutionProperties) = preSolution
		HideSolutionNode = FALSE
	EndGlobalSection
	GlobalSection(ExtensibilityGlobals) = postSolution
		SolutionGuid = {5288AD73-0317-45D3-8E97-1DCC40C766E0}
	EndGlobalSection
EndGlobal
